{
  "nodes": {
    "brew-src": {
      "flake": false,
      "locked": {
        "lastModified": 1756059815,
        "narHash": "sha256-UALOxoXoFIHbwKzcqbqCAqw5cC0MJEehLaWSet5vxfE=",
        "owner": "Homebrew",
        "repo": "brew",
        "rev": "02947ea4edbdef5fcce9ee57fa289547f4d096c9",
        "type": "github"
      },
      "original": {
        "owner": "Homebrew",
        "ref": "4.6.7",
        "repo": "brew",
        "type": "github"
      }
    },
    "homebrew-cask": {
      "flake": false,
      "locked": {
        "lastModified": 1758042914,
        "narHash": "sha256-fAz06Me20bVhugc0dpLkI9yKAKngsEwi5b5YVmzreeQ=",
        "owner": "homebrew",
        "repo": "homebrew-cask",
        "rev": "9b3dcc1655b00d7fd82875acb8554765b08e4b32",
        "type": "github"
      },
      "original": {
        "owner": "homebrew",
        "repo": "homebrew-cask",
        "type": "github"
      }
    },
    "homebrew-core": {
      "flake": false,
      "locked": {
        "lastModified": 1758043001,
        "narHash": "sha256-VbviRtYtzIeH6OQGd/HR6N+qQhOkzLnSVSwdvDOf6Dc=",
        "owner": "homebrew",
        "repo": "homebrew-core",
        "rev": "2ee3ee70d15f01dc954248a1c9a800065d2a402e",
        "type": "github"
      },
      "original": {
        "owner": "homebrew",
        "repo": "homebrew-core",
        "type": "github"
      }
    },
    "jorgelbg-tap": {
      "flake": false,
      "locked": {
        "lastModified": 1659632777,
        "narHash": "sha256-UYDGOSuC0myzp5jb03xCiqE+nMMMHIZ3eWiM83hVPKA=",
        "owner": "jorgelbg",
        "repo": "homebrew-tap",
        "rev": "95c37690b5a0a97c290ccace9f35068e7a222da8",
        "type": "github"
      },
      "original": {
        "owner": "jorgelbg",
        "repo": "homebrew-tap",
        "type": "github"
      }
    },
    "nix-darwin": {
      "inputs": {
        "nixpkgs": [
          "nixpkgs"
        ]
      },
      "locked": {
        "lastModified": 1757430124,
        "narHash": "sha256-MhDltfXesGH8VkGv3hmJ1QEKl1ChTIj9wmGAFfWj/Wk=",
        "owner": "nix-darwin",
        "repo": "nix-darwin",
        "rev": "830b3f0b50045cf0bcfd4dab65fad05bf882e196",
        "type": "github"
      },
      "original": {
        "owner": "nix-darwin",
        "ref": "master",
        "repo": "nix-darwin",
        "type": "github"
      }
    },
    "nix-homebrew": {
      "inputs": {
        "brew-src": "brew-src"
      },
      "locked": {
        "lastModified": 1756398546,
        "narHash": "sha256-n4GVDLhKu65XFraJuCzap2AaZji4xhPaZMTJ8aQdD3s=",
        "owner": "zhaofengli",
        "repo": "nix-homebrew",
        "rev": "3aa475996cb3bc1ecefa88c99c466e6f0bc17431",
        "type": "github"
      },
      "original": {
        "owner": "zhaofengli",
        "repo": "nix-homebrew",
        "type": "github"
      }
    },
    "nixpkgs": {
      "locked": {
        "lastModified": 1757967192,
        "narHash": "sha256-/aA9A/OBmnuOMgwfzdsXRusqzUpd8rQnQY8jtrHK+To=",
        "owner": "NixOS",
        "repo": "nixpkgs",
        "rev": "0d7c15863b251a7a50265e57c1dca1a7add2e291",
        "type": "github"
      },
      "original": {
        "owner": "NixOS",
        "ref": "nixpkgs-unstable",
        "repo": "nixpkgs",
        "type": "github"
      }
    },
    "root": {
      "inputs": {
        "homebrew-cask": "homebrew-cask",
        "homebrew-core": "homebrew-core",
        "jorgelbg-tap": "jorgelbg-tap",
        "nix-darwin": "nix-darwin",
        "nix-homebrew": "nix-homebrew",
        "nixpkgs": "nixpkgs"
      }
    }
  },
  "root": "root",
  "version": 7
}
